
Microsoft Visual Studio Solution File, Format Version 12.00
# Visual Studio Version 17
VisualStudioVersion = 17.3.32825.248
MinimumVisualStudioVersion = 10.0.40219.1
Project("{8BC9CEB8-8B4A-11D0-8D11-00A0C91BC942}") = "C++PUS", "C++PUS\C++PUS.vcxproj", "{70350C39-7F93-49EF-B543-C6938C2C092B}"
EndProject
Global
	GlobalSection(SolutionConfigurationPlatforms) = preSolution
		Debug|x64 = Debug|x64
		Debug|x86 = Debug|x86
		Release|x64 = Release|x64
		Release|x86 = Release|x86
	EndGlobalSection
	GlobalSection(ProjectConfigurationPlatforms) = postSolution
		{70350C39-7F93-49EF-B543-C6938C2C092B}.Debug|x64.ActiveCfg = Debug|x64
		{70350C39-7F93-49EF-B543-C6938C2C092B}.Debug|x64.Build.0 = Debug|x64
		{70350C39-7F93-49EF-B543-C6938C2C092B}.Debug|x86.ActiveCfg = Debug|Win32
		{70350C39-7F93-49EF-B543-C6938C2C092B}.Debug|x86.Build.0 = Debug|Win32
		{70350C39-7F93-49EF-B543-C6938C2C092B}.Release|x64.ActiveCfg = Release|x64
		{70350C39-7F93-49EF-B543-C6938C2C092B}.Release|x64.Build.0 = Release|x64
		{70350C39-7F93-49EF-B543-C6938C2C092B}.Release|x86.ActiveCfg = Release|Win32
		{70350C39-7F93-49EF-B543-C6938C2C092B}.Release|x86.Build.0 = Release|Win32
	EndGlobalSection
	GlobalSection(SolutionProperties) = preSolution
		HideSolutionNode = FALSE
	EndGlobalSection
	GlobalSection(ExtensibilityGlobals) = postSolution
		SolutionGuid = {461AA6DF-F87C-44DA-89F8-B2D808F02C01}
	EndGlobalSection
EndGlobal
